// !$*UTF8*$!
{
	archiveVersion = 1;
	classes = {
	};
	objectVersion = 50;
	objects = {

/* Begin PBXBuildFile section */
		BF13549A244B1DDA0064BBE7 /* Database.swift in Sources */ = {isa = PBXBuildFile; fileRef = BF135499244B1DDA0064BBE7 /* Database.swift */; };
		BF3087CE2449EC38000645B5 /* AppDelegate.swift in Sources */ = {isa = PBXBuildFile; fileRef = BF3087CD2449EC38000645B5 /* AppDelegate.swift */; };
		BF3087D02449EC38000645B5 /* SceneDelegate.swift in Sources */ = {isa = PBXBuildFile; fileRef = BF3087CF2449EC38000645B5 /* SceneDelegate.swift */; };
		BF3087D22449EC38000645B5 /* RangeSelectionViewController.swift in Sources */ = {isa = PBXBuildFile; fileRef = BF3087D12449EC38000645B5 /* RangeSelectionViewController.swift */; };
		BF3087D52449EC38000645B5 /* Main.storyboard in Resources */ = {isa = PBXBuildFile; fileRef = BF3087D32449EC38000645B5 /* Main.storyboard */; };
		BF3087D72449EC3C000645B5 /* Assets.xcassets in Resources */ = {isa = PBXBuildFile; fileRef = BF3087D62449EC3C000645B5 /* Assets.xcassets */; };
		BF3087DA2449EC3C000645B5 /* LaunchScreen.storyboard in Resources */ = {isa = PBXBuildFile; fileRef = BF3087D82449EC3C000645B5 /* LaunchScreen.storyboard */; };
		BFE643D0244A178800CC0FB1 /* RatingSelectionViewController.swift in Sources */ = {isa = PBXBuildFile; fileRef = BFE643CF244A178800CC0FB1 /* RatingSelectionViewController.swift */; };
		BFE643D3244AD7E200CC0FB1 /* CoreDataSample.xcdatamodeld in Sources */ = {isa = PBXBuildFile; fileRef = BFE643D1244AD7E200CC0FB1 /* CoreDataSample.xcdatamodeld */; };
		BFE643D8244ADB7B00CC0FB1 /* HistoryRatingsViewController.swift in Sources */ = {isa = PBXBuildFile; fileRef = BFE643D7244ADB7B00CC0FB1 /* HistoryRatingsViewController.swift */; };
		BFE643DA244AE20900CC0FB1 /* RatingsHistoryTableViewCell.swift in Sources */ = {isa = PBXBuildFile; fileRef = BFE643D9244AE20900CC0FB1 /* RatingsHistoryTableViewCell.swift */; };
/* End PBXBuildFile section */

/* Begin PBXFileReference section */
		04586BF2244AAA2800FCE721 /* CoreData.framework */ = {isa = PBXFileReference; lastKnownFileType = wrapper.framework; name = CoreData.framework; path = System/Library/Frameworks/CoreData.framework; sourceTree = SDKROOT; };
		BF135499244B1DDA0064BBE7 /* Database.swift */ = {isa = PBXFileReference; fileEncoding = 4; lastKnownFileType = sourcecode.swift; name = Database.swift; path = ../../../../Downloads/Database.swift; sourceTree = "<group>"; };
		BF3087CA2449EC38000645B5 /* RatingsApp.app */ = {isa = PBXFileReference; explicitFileType = wrapper.application; includeInIndex = 0; path = RatingsApp.app; sourceTree = BUILT_PRODUCTS_DIR; };
		BF3087CD2449EC38000645B5 /* AppDelegate.swift */ = {isa = PBXFileReference; lastKnownFileType = sourcecode.swift; path = AppDelegate.swift; sourceTree = "<group>"; };
		BF3087CF2449EC38000645B5 /* SceneDelegate.swift */ = {isa = PBXFileReference; lastKnownFileType = sourcecode.swift; path = SceneDelegate.swift; sourceTree = "<group>"; };
		BF3087D12449EC38000645B5 /* RangeSelectionViewController.swift */ = {isa = PBXFileReference; lastKnownFileType = sourcecode.swift; path = RangeSelectionViewController.swift; sourceTree = "<group>"; };
		BF3087D42449EC38000645B5 /* Base */ = {isa = PBXFileReference; lastKnownFileType = file.storyboard; name = Base; path = Base.lproj/Main.storyboard; sourceTree = "<group>"; };
		BF3087D62449EC3C000645B5 /* Assets.xcassets */ = {isa = PBXFileReference; lastKnownFileType = folder.assetcatalog; path = Assets.xcassets; sourceTree = "<group>"; };
		BF3087D92449EC3C000645B5 /* Base */ = {isa = PBXFileReference; lastKnownFileType = file.storyboard; name = Base; path = Base.lproj/LaunchScreen.storyboard; sourceTree = "<group>"; };
		BF3087DB2449EC3C000645B5 /* Info.plist */ = {isa = PBXFileReference; lastKnownFileType = text.plist.xml; path = Info.plist; sourceTree = "<group>"; };
		BFE643CF244A178800CC0FB1 /* RatingSelectionViewController.swift */ = {isa = PBXFileReference; lastKnownFileType = sourcecode.swift; path = RatingSelectionViewController.swift; sourceTree = "<group>"; };
		BFE643D2244AD7E200CC0FB1 /* CoreDataSample.xcdatamodel */ = {isa = PBXFileReference; lastKnownFileType = wrapper.xcdatamodel; path = CoreDataSample.xcdatamodel; sourceTree = "<group>"; };
		BFE643D7244ADB7B00CC0FB1 /* HistoryRatingsViewController.swift */ = {isa = PBXFileReference; lastKnownFileType = sourcecode.swift; path = HistoryRatingsViewController.swift; sourceTree = "<group>"; };
		BFE643D9244AE20900CC0FB1 /* RatingsHistoryTableViewCell.swift */ = {isa = PBXFileReference; lastKnownFileType = sourcecode.swift; path = RatingsHistoryTableViewCell.swift; sourceTree = "<group>"; };
/* End PBXFileReference section */

/* Begin PBXFrameworksBuildPhase section */
		BF3087C72449EC38000645B5 /* Frameworks */ = {
			isa = PBXFrameworksBuildPhase;
			buildActionMask = 2147483647;
			files = (
			);
			runOnlyForDeploymentPostprocessing = 0;
		};
/* End PBXFrameworksBuildPhase section */

/* Begin PBXGroup section */
		04586BAF244AA47800FCE721 /* Database */ = {
			isa = PBXGroup;
			children = (
				BF135499244B1DDA0064BBE7 /* Database.swift */,
				BFE643D1244AD7E200CC0FB1 /* CoreDataSample.xcdatamodeld */,
			);
			path = Database;
			sourceTree = "<group>";
		};
		04586BF1244AAA2700FCE721 /* Frameworks */ = {
			isa = PBXGroup;
			children = (
				04586BF2244AAA2800FCE721 /* CoreData.framework */,
			);
			name = Frameworks;
			sourceTree = "<group>";
		};
		BF3087C12449EC38000645B5 = {
			isa = PBXGroup;
			children = (
				BF3087CC2449EC38000645B5 /* RatingsApp */,
				BF3087CB2449EC38000645B5 /* Products */,
				04586BF1244AAA2700FCE721 /* Frameworks */,
			);
			sourceTree = "<group>";
		};
		BF3087CB2449EC38000645B5 /* Products */ = {
			isa = PBXGroup;
			children = (
				BF3087CA2449EC38000645B5 /* RatingsApp.app */,
			);
			name = Products;
			sourceTree = "<group>";
		};
		BF3087CC2449EC38000645B5 /* RatingsApp */ = {
			isa = PBXGroup;
			children = (
				04586BAF244AA47800FCE721 /* Database */,
				BFE643D4244ADA8300CC0FB1 /* AppDelegateFolder */,
				BFE643D5244ADA9E00CC0FB1 /* Controllers */,
				BFE643D6244ADAB200CC0FB1 /* View */,
				BF3087D62449EC3C000645B5 /* Assets.xcassets */,
				BF3087D82449EC3C000645B5 /* LaunchScreen.storyboard */,
				BF3087DB2449EC3C000645B5 /* Info.plist */,
			);
			path = RatingsApp;
			sourceTree = "<group>";
		};
		BFE643D4244ADA8300CC0FB1 /* AppDelegateFolder */ = {
			isa = PBXGroup;
			children = (
				BF3087CF2449EC38000645B5 /* SceneDelegate.swift */,
				BF3087CD2449EC38000645B5 /* AppDelegate.swift */,
			);
			path = AppDelegateFolder;
			sourceTree = "<group>";
		};
		BFE643D5244ADA9E00CC0FB1 /* Controllers */ = {
			isa = PBXGroup;
			children = (
				BF3087D12449EC38000645B5 /* RangeSelectionViewController.swift */,
				BFE643CF244A178800CC0FB1 /* RatingSelectionViewController.swift */,
				BFE643D7244ADB7B00CC0FB1 /* HistoryRatingsViewController.swift */,
			);
			path = Controllers;
			sourceTree = "<group>";
		};
		BFE643D6244ADAB200CC0FB1 /* View */ = {
			isa = PBXGroup;
			children = (
				BF3087D32449EC38000645B5 /* Main.storyboard */,
				BFE643D9244AE20900CC0FB1 /* RatingsHistoryTableViewCell.swift */,
			);
			path = View;
			sourceTree = "<group>";
		};
/* End PBXGroup section */

/* Begin PBXNativeTarget section */
		BF3087C92449EC38000645B5 /* RatingsApp */ = {
			isa = PBXNativeTarget;
			buildConfigurationList = BF3087DE2449EC3C000645B5 /* Build configuration list for PBXNativeTarget "RatingsApp" */;
			buildPhases = (
				BF3087C62449EC38000645B5 /* Sources */,
				BF3087C72449EC38000645B5 /* Frameworks */,
				BF3087C82449EC38000645B5 /* Resources */,
			);
			buildRules = (
			);
			dependencies = (
			);
			name = RatingsApp;
			productName = RatingsApp;
			productReference = BF3087CA2449EC38000645B5 /* RatingsApp.app */;
			productType = "com.apple.product-type.application";
		};
/* End PBXNativeTarget section */

/* Begin PBXProject section */
		BF3087C22449EC38000645B5 /* Project object */ = {
			isa = PBXProject;
			attributes = {
				LastSwiftUpdateCheck = 1130;
				LastUpgradeCheck = 1130;
				ORGANIZATIONNAME = "Kshitij Negi";
				TargetAttributes = {
					BF3087C92449EC38000645B5 = {
						CreatedOnToolsVersion = 11.3.1;
					};
				};
			};
			buildConfigurationList = BF3087C52449EC38000645B5 /* Build configuration list for PBXProject "RatingsApp" */;
			compatibilityVersion = "Xcode 9.3";
			developmentRegion = en;
			hasScannedForEncodings = 0;
			knownRegions = (
				en,
				Base,
			);
			mainGroup = BF3087C12449EC38000645B5;
			productRefGroup = BF3087CB2449EC38000645B5 /* Products */;
			projectDirPath = "";
			projectRoot = "";
			targets = (
				BF3087C92449EC38000645B5 /* RatingsApp */,
			);
		};
/* End PBXProject section */

/* Begin PBXResourcesBuildPhase section */
		BF3087C82449EC38000645B5 /* Resources */ = {
			isa = PBXResourcesBuildPhase;
			buildActionMask = 2147483647;
			files = (
				BF3087DA2449EC3C000645B5 /* LaunchScreen.storyboard in Resources */,
				BF3087D72449EC3C000645B5 /* Assets.xcassets in Resources */,
				BF3087D52449EC38000645B5 /* Main.storyboard in Resources */,
			);
			runOnlyForDeploymentPostprocessing = 0;
		};
/* End PBXResourcesBuildPhase section */

/* Begin PBXSourcesBuildPhase section */
		BF3087C62449EC38000645B5 /* Sources */ = {
			isa = PBXSourcesBuildPhase;
			buildActionMask = 2147483647;
			files = (
				BF3087D22449EC38000645B5 /* RangeSelectionViewController.swift in Sources */,
				BF3087CE2449EC38000645B5 /* AppDelegate.swift in Sources */,
				BF3087D02449EC38000645B5 /* SceneDelegate.swift in Sources */,
				BFE643DA244AE20900CC0FB1 /* RatingsHistoryTableViewCell.swift in Sources */,
				BFE643D8244ADB7B00CC0FB1 /* HistoryRatingsViewController.swift in Sources */,
				BF13549A244B1DDA0064BBE7 /* Database.swift in Sources */,
				BFE643D3244AD7E200CC0FB1 /* CoreDataSample.xcdatamodeld in Sources */,
				BFE643D0244A178800CC0FB1 /* RatingSelectionViewController.swift in Sources */,
			);
			runOnlyForDeploymentPostprocessing = 0;
		};
/* End PBXSourcesBuildPhase section */

/* Begin PBXVariantGroup section */
		BF3087D32449EC38000645B5 /* Main.storyboard */ = {
			isa = PBXVariantGroup;
			children = (
				BF3087D42449EC38000645B5 /* Base */,
			);
			name = Main.storyboard;
			sourceTree = "<group>";
		};
		BF3087D82449EC3C000645B5 /* LaunchScreen.storyboard */ = {
			isa = PBXVariantGroup;
			children = (
				BF3087D92449EC3C000645B5 /* Base */,
			);
			name = LaunchScreen.storyboard;
			sourceTree = "<group>";
		};
/* End PBXVariantGroup section */

/* Begin XCBuildConfiguration section */
		BF3087DC2449EC3C000645B5 /* Debug */ = {
			isa = XCBuildConfiguration;
			buildSettings = {
				ALWAYS_SEARCH_USER_PATHS = NO;
				CLANG_ANALYZER_NONNULL = YES;
				CLANG_ANALYZER_NUMBER_OBJECT_CONVERSION = YES_AGGRESSIVE;
				CLANG_CXX_LANGUAGE_STANDARD = "gnu++14";
				CLANG_CXX_LIBRARY = "libc++";
				CLANG_ENABLE_MODULES = YES;
				CLANG_ENABLE_OBJC_ARC = YES;
				CLANG_ENABLE_OBJC_WEAK = YES;
				CLANG_WARN_BLOCK_CAPTURE_AUTORELEASING = YES;
				CLANG_WARN_BOOL_CONVERSION = YES;
				CLANG_WARN_COMMA = YES;
				CLANG_WARN_CONSTANT_CONVERSION = YES;
				CLANG_WARN_DEPRECATED_OBJC_IMPLEMENTATIONS = YES;
				CLANG_WARN_DIRECT_OBJC_ISA_USAGE = YES_ERROR;
				CLANG_WARN_DOCUMENTATION_COMMENTS = YES;
				CLANG_WARN_EMPTY_BODY = YES;
				CLANG_WARN_ENUM_CONVERSION = YES;
				CLANG_WARN_INFINITE_RECURSION = YES;
				CLANG_WARN_INT_CONVERSION = YES;
				CLANG_WARN_NON_LITERAL_NULL_CONVERSION = YES;
				CLANG_WARN_OBJC_IMPLICIT_RETAIN_SELF = YES;
				CLANG_WARN_OBJC_LITERAL_CONVERSION = YES;
				CLANG_WARN_OBJC_ROOT_CLASS = YES_ERROR;
				CLANG_WARN_RANGE_LOOP_ANALYSIS = YES;
				CLANG_WARN_STRICT_PROTOTYPES = YES;
				CLANG_WARN_SUSPICIOUS_MOVE = YES;
				CLANG_WARN_UNGUARDED_AVAILABILITY = YES_AGGRESSIVE;
				CLANG_WARN_UNREACHABLE_CODE = YES;
				CLANG_WARN__DUPLICATE_METHOD_MATCH = YES;
				COPY_PHASE_STRIP = NO;
				DEBUG_INFORMATION_FORMAT = dwarf;
				ENABLE_STRICT_OBJC_MSGSEND = YES;
				ENABLE_TESTABILITY = YES;
				GCC_C_LANGUAGE_STANDARD = gnu11;
				GCC_DYNAMIC_NO_PIC = NO;
				GCC_NO_COMMON_BLOCKS = YES;
				GCC_OPTIMIZATION_LEVEL = 0;
				GCC_PREPROCESSOR_DEFINITIONS = (
					"DEBUG=1",
					"$(inherited)",
				);
				GCC_WARN_64_TO_32_BIT_CONVERSION = YES;
				GCC_WARN_ABOUT_RETURN_TYPE = YES_ERROR;
				GCC_WARN_UNDECLARED_SELECTOR = YES;
				GCC_WARN_UNINITIALIZED_AUTOS = YES_AGGRESSIVE;
				GCC_WARN_UNUSED_FUNCTION = YES;
				GCC_WARN_UNUSED_VARIABLE = YES;
				IPHONEOS_DEPLOYMENT_TARGET = 13.2;
				MTL_ENABLE_DEBUG_INFO = INCLUDE_SOURCE;
				MTL_FAST_MATH = YES;
				ONLY_ACTIVE_ARCH = YES;
				SDKROOT = iphoneos;
				SWIFT_ACTIVE_COMPILATION_CONDITIONS = DEBUG;
				SWIFT_OPTIMIZATION_LEVEL = "-Onone";
			};
			name = Debug;
		};
		BF3087DD2449EC3C000645B5 /* Release */ = {
			isa = XCBuildConfiguration;
			buildSettings = {
				ALWAYS_SEARCH_USER_PATHS = NO;
				CLANG_ANALYZER_NONNULL = YES;
				CLANG_ANALYZER_NUMBER_OBJECT_CONVERSION = YES_AGGRESSIVE;
				CLANG_CXX_LANGUAGE_STANDARD = "gnu++14";
				CLANG_CXX_LIBRARY = "libc++";
				CLANG_ENABLE_MODULES = YES;
				CLANG_ENABLE_OBJC_ARC = YES;
				CLANG_ENABLE_OBJC_WEAK = YES;
				CLANG_WARN_BLOCK_CAPTURE_AUTORELEASING = YES;
				CLANG_WARN_BOOL_CONVERSION = YES;
				CLANG_WARN_COMMA = YES;
				CLANG_WARN_CONSTANT_CONVERSION = YES;
				CLANG_WARN_DEPRECATED_OBJC_IMPLEMENTATIONS = YES;
				CLANG_WARN_DIRECT_OBJC_ISA_USAGE = YES_ERROR;
				CLANG_WARN_DOCUMENTATION_COMMENTS = YES;
				CLANG_WARN_EMPTY_BODY = YES;
				CLANG_WARN_ENUM_CONVERSION = YES;
				CLANG_WARN_INFINITE_RECURSION = YES;
				CLANG_WARN_INT_CONVERSION = YES;
				CLANG_WARN_NON_LITERAL_NULL_CONVERSION = YES;
				CLANG_WARN_OBJC_IMPLICIT_RETAIN_SELF = YES;
				CLANG_WARN_OBJC_LITERAL_CONVERSION = YES;
				CLANG_WARN_OBJC_ROOT_CLASS = YES_ERROR;
				CLANG_WARN_RANGE_LOOP_ANALYSIS = YES;
				CLANG_WARN_STRICT_PROTOTYPES = YES;
				CLANG_WARN_SUSPICIOUS_MOVE = YES;
				CLANG_WARN_UNGUARDED_AVAILABILITY = YES_AGGRESSIVE;
				CLANG_WARN_UNREACHABLE_CODE = YES;
				CLANG_WARN__DUPLICATE_METHOD_MATCH = YES;
				COPY_PHASE_STRIP = NO;
				DEBUG_INFORMATION_FORMAT = "dwarf-with-dsym";
				ENABLE_NS_ASSERTIONS = NO;
				ENABLE_STRICT_OBJC_MSGSEND = YES;
				GCC_C_LANGUAGE_STANDARD = gnu11;
				GCC_NO_COMMON_BLOCKS = YES;
				GCC_WARN_64_TO_32_BIT_CONVERSION = YES;
				GCC_WARN_ABOUT_RETURN_TYPE = YES_ERROR;
				GCC_WARN_UNDECLARED_SELECTOR = YES;
				GCC_WARN_UNINITIALIZED_AUTOS = YES_AGGRESSIVE;
				GCC_WARN_UNUSED_FUNCTION = YES;
				GCC_WARN_UNUSED_VARIABLE = YES;
				IPHONEOS_DEPLOYMENT_TARGET = 13.2;
				MTL_ENABLE_DEBUG_INFO = NO;
				MTL_FAST_MATH = YES;
				SDKROOT = iphoneos;
				SWIFT_COMPILATION_MODE = wholemodule;
				SWIFT_OPTIMIZATION_LEVEL = "-O";
				VALIDATE_PRODUCT = YES;
			};
			name = Release;
		};
		BF3087DF2449EC3C000645B5 /* Debug */ = {
			isa = XCBuildConfiguration;
			buildSettings = {
				ASSETCATALOG_COMPILER_APPICON_NAME = AppIcon;
				CODE_SIGN_STYLE = Automatic;
				INFOPLIST_FILE = RatingsApp/Info.plist;
				LD_RUNPATH_SEARCH_PATHS = (
					"$(inherited)",
					"@executable_path/Frameworks",
				);
				PRODUCT_BUNDLE_IDENTIFIER = com.kshitij.RatingsApp;
				PRODUCT_NAME = "$(TARGET_NAME)";
				SWIFT_VERSION = 5.0;
				TARGETED_DEVICE_FAMILY = "1,2";
			};
			name = Debug;
		};
		BF3087E02449EC3C000645B5 /* Release */ = {
			isa = XCBuildConfiguration;
			buildSettings = {
				ASSETCATALOG_COMPILER_APPICON_NAME = AppIcon;
				CODE_SIGN_STYLE = Automatic;
				INFOPLIST_FILE = RatingsApp/Info.plist;
				LD_RUNPATH_SEARCH_PATHS = (
					"$(inherited)",
					"@executable_path/Frameworks",
				);
				PRODUCT_BUNDLE_IDENTIFIER = com.kshitij.RatingsApp;
				PRODUCT_NAME = "$(TARGET_NAME)";
				SWIFT_VERSION = 5.0;
				TARGETED_DEVICE_FAMILY = "1,2";
			};
			name = Release;
		};
/* End XCBuildConfiguration section */

/* Begin XCConfigurationList section */
		BF3087C52449EC38000645B5 /* Build configuration list for PBXProject "RatingsApp" */ = {
			isa = XCConfigurationList;
			buildConfigurations = (
				BF3087DC2449EC3C000645B5 /* Debug */,
				BF3087DD2449EC3C000645B5 /* Release */,
			);
			defaultConfigurationIsVisible = 0;
			defaultConfigurationName = Release;
		};
		BF3087DE2449EC3C000645B5 /* Build configuration list for PBXNativeTarget "RatingsApp" */ = {
			isa = XCConfigurationList;
			buildConfigurations = (
				BF3087DF2449EC3C000645B5 /* Debug */,
				BF3087E02449EC3C000645B5 /* Release */,
			);
			defaultConfigurationIsVisible = 0;
			defaultConfigurationName = Release;
		};
/* End XCConfigurationList section */

/* Begin XCVersionGroup section */
		BFE643D1244AD7E200CC0FB1 /* CoreDataSample.xcdatamodeld */ = {
			isa = XCVersionGroup;
			children = (
				BFE643D2244AD7E200CC0FB1 /* CoreDataSample.xcdatamodel */,
			);
			currentVersion = BFE643D2244AD7E200CC0FB1 /* CoreDataSample.xcdatamodel */;
			path = CoreDataSample.xcdatamodeld;
			sourceTree = "<group>";
			versionGroupType = wrapper.xcdatamodel;
		};
/* End XCVersionGroup section */
	};
	rootObject = BF3087C22449EC38000645B5 /* Project object */;
}
